
Microsoft Visual Studio Solution File, Format Version 12.00
# Visual Studio Version 16
VisualStudioVersion = 16.0.29009.5
MinimumVisualStudioVersion = 10.0.40219.1
Project("{FAE04EC0-301F-11D3-BF4B-00C04F79EFBC}") = "Client", "ConsoleApp1\Client.csproj", "{45FD86AC-DAC1-4BF9-BE01-F1C484646DE2}"
EndProject
Project("{FAE04EC0-301F-11D3-BF4B-00C04F79EFBC}") = "Server", "Server\Server.csproj", "{DC8F16E0-329A-42A8-87A2-2C5001A1DA69}"
EndProject
Global
	GlobalSection(SolutionConfigurationPlatforms) = preSolution
		Debug|Any CPU = Debug|Any CPU
		Release|Any CPU = Release|Any CPU
	EndGlobalSection
	GlobalSection(ProjectConfigurationPlatforms) = postSolution
		{45FD86AC-DAC1-4BF9-BE01-F1C484646DE2}.Debug|Any CPU.ActiveCfg = Debug|Any CPU
		{45FD86AC-DAC1-4BF9-BE01-F1C484646DE2}.Debug|Any CPU.Build.0 = Debug|Any CPU
		{45FD86AC-DAC1-4BF9-BE01-F1C484646DE2}.Release|Any CPU.ActiveCfg = Release|Any CPU
		{45FD86AC-DAC1-4BF9-BE01-F1C484646DE2}.Release|Any CPU.Build.0 = Release|Any CPU
		{DC8F16E0-329A-42A8-87A2-2C5001A1DA69}.Debug|Any CPU.ActiveCfg = Debug|Any CPU
		{DC8F16E0-329A-42A8-87A2-2C5001A1DA69}.Debug|Any CPU.Build.0 = Debug|Any CPU
		{DC8F16E0-329A-42A8-87A2-2C5001A1DA69}.Release|Any CPU.ActiveCfg = Release|Any CPU
		{DC8F16E0-329A-42A8-87A2-2C5001A1DA69}.Release|Any CPU.Build.0 = Release|Any CPU
	EndGlobalSection
	GlobalSection(SolutionProperties) = preSolution
		HideSolutionNode = FALSE
	EndGlobalSection
	GlobalSection(ExtensibilityGlobals) = postSolution
		SolutionGuid = {61B6B194-6590-44C2-BFCB-3B134A0AB479}
	EndGlobalSection
EndGlobal
